{
  "name": "immi_mp",
  "version": "1.0.0",
  "lockfileVersion": 1,
  "requires": true,
  "dependencies": {
    "fast-deep-equal": {
      "version": "2.0.1",
      "resolved": "https://registry.npm.taobao.org/fast-deep-equal/download/fast-deep-equal-2.0.1.tgz",
      "integrity": "sha1-ewUhjd+WZ79/Nwv3/bLLFf3Qqkk="
    },
    "miniprogram-computed": {
      "version": "2.1.1",
      "resolved": "https://registry.npm.taobao.org/miniprogram-computed/download/miniprogram-computed-2.1.1.tgz",
      "integrity": "sha1-w5PpZ6j25e4mpCBfaa4+uaI7ewc=",
      "requires": {
        "fast-deep-equal": "^2.0.1",
        "rfdc": "^1.1.4"
      }
    },
    "rfdc": {
      "version": "1.1.4",
      "resolved": "https://registry.npm.taobao.org/rfdc/download/rfdc-1.1.4.tgz",
      "integrity": "sha1-unLME2egzNnPgahws7WL060H+MI="
    },
    "vant-weapp": {
      "version": "1.0.0-beta.4",
      "resolved": "https://registry.npm.taobao.org/vant-weapp/download/vant-weapp-1.0.0-beta.4.tgz",
      "integrity": "sha1-MpFPXH9d4aenBYLAYKvksfn4BLo="
    },
    "weui-miniprogram": {
      "version": "0.2.0",
      "resolved": "https://registry.npm.taobao.org/weui-miniprogram/download/weui-miniprogram-0.2.0.tgz",
      "integrity": "sha1-DrbSNNdDNP8n+icmM4DuLtVUiq0="
    }
  }
}
